Microsoft Visual Studio Solution File, Format Version 12.00
# Visual Studio 2012
Project("{FAE04EC0-301F-11D3-BF4B-00C04F79EFBC}") = "Winter-Game", "Winter-Game.csproj", "{1253D6F8-2E9D-4692-BFB0-D021EB472270}"
EndProject
Global
	GlobalSection(SolutionConfigurationPlatforms) = preSolution
	Debug|Any CPU = Debug|Any CPU
	ExportDebug|Any CPU = ExportDebug|Any CPU
	ExportRelease|Any CPU = ExportRelease|Any CPU
	EndGlobalSection
	GlobalSection(ProjectConfigurationPlatforms) = postSolution
		{1253D6F8-2E9D-4692-BFB0-D021EB472270}.Debug|Any CPU.ActiveCfg = Debug|Any CPU
		{1253D6F8-2E9D-4692-BFB0-D021EB472270}.Debug|Any CPU.Build.0 = Debug|Any CPU
		{1253D6F8-2E9D-4692-BFB0-D021EB472270}.ExportDebug|Any CPU.ActiveCfg = ExportDebug|Any CPU
		{1253D6F8-2E9D-4692-BFB0-D021EB472270}.ExportDebug|Any CPU.Build.0 = ExportDebug|Any CPU
		{1253D6F8-2E9D-4692-BFB0-D021EB472270}.ExportRelease|Any CPU.ActiveCfg = ExportRelease|Any CPU
		{1253D6F8-2E9D-4692-BFB0-D021EB472270}.ExportRelease|Any CPU.Build.0 = ExportRelease|Any CPU
	EndGlobalSection
EndGlobal
